// !$*UTF8*$!
{
	archiveVersion = 1;
	classes = {
	};
	objectVersion = 56;
	objects = {

/* Begin PBXBuildFile section */
		3B26E12C2A3362C400A18EEE /* WikiClientError.swift in Sources */ = {isa = PBXBuildFile; fileRef = 3B26E12B2A3362C400A18EEE /* WikiClientError.swift */; };
		3B26E12E2A33746E00A18EEE /* WikiAPIError.swift in Sources */ = {isa = PBXBuildFile; fileRef = 3B26E12D2A33746E00A18EEE /* WikiAPIError.swift */; };
		3B26E1322A3453C700A18EEE /* WikiRequest.swift in Sources */ = {isa = PBXBuildFile; fileRef = 3B26E1312A3453C700A18EEE /* WikiRequest.swift */; };
		3B26E1342A34564D00A18EEE /* HTTPMethod.swift in Sources */ = {isa = PBXBuildFile; fileRef = 3B26E1332A34564D00A18EEE /* HTTPMethod.swift */; };
		3B26E1362A34D45600A18EEE /* HTTPClient.swift in Sources */ = {isa = PBXBuildFile; fileRef = 3B26E1352A34D45600A18EEE /* HTTPClient.swift */; };
		3B26E1382A355B5000A18EEE /* WikiClient.swift in Sources */ = {isa = PBXBuildFile; fileRef = 3B26E1372A355B5000A18EEE /* WikiClient.swift */; };
		3B6958CE2A2AE56000EC3CE0 /* AppDelegate.swift in Sources */ = {isa = PBXBuildFile; fileRef = 3B6958CD2A2AE56000EC3CE0 /* AppDelegate.swift */; };
		3B6958D02A2AE56000EC3CE0 /* SceneDelegate.swift in Sources */ = {isa = PBXBuildFile; fileRef = 3B6958CF2A2AE56000EC3CE0 /* SceneDelegate.swift */; };
		3B6958D72A2AE56100EC3CE0 /* Assets.xcassets in Resources */ = {isa = PBXBuildFile; fileRef = 3B6958D62A2AE56100EC3CE0 /* Assets.xcassets */; };
		3B6958DA2A2AE56100EC3CE0 /* LaunchScreen.storyboard in Resources */ = {isa = PBXBuildFile; fileRef = 3B6958D82A2AE56100EC3CE0 /* LaunchScreen.storyboard */; };
		3B6958E62A2C619F00EC3CE0 /* WikiAPI.swift in Sources */ = {isa = PBXBuildFile; fileRef = 3B6958E52A2C619F00EC3CE0 /* WikiAPI.swift */; };
		3B6958E82A2C61AD00EC3CE0 /* Router.swift in Sources */ = {isa = PBXBuildFile; fileRef = 3B6958E72A2C61AD00EC3CE0 /* Router.swift */; };
		3B6958EA2A2C61D300EC3CE0 /* WikiModel.swift in Sources */ = {isa = PBXBuildFile; fileRef = 3B6958E92A2C61D300EC3CE0 /* WikiModel.swift */; };
		3B6958F12A2C635B00EC3CE0 /* Article.storyboard in Resources */ = {isa = PBXBuildFile; fileRef = 3B6958F02A2C635B00EC3CE0 /* Article.storyboard */; };
		3B6958F32A2C637C00EC3CE0 /* ArticleViewController.swift in Sources */ = {isa = PBXBuildFile; fileRef = 3B6958F22A2C637C00EC3CE0 /* ArticleViewController.swift */; };
		3B6958F52A2C639300EC3CE0 /* Web.storyboard in Resources */ = {isa = PBXBuildFile; fileRef = 3B6958F42A2C639300EC3CE0 /* Web.storyboard */; };
		3B6958F72A2C63AF00EC3CE0 /* WebViewController.swift in Sources */ = {isa = PBXBuildFile; fileRef = 3B6958F62A2C63AF00EC3CE0 /* WebViewController.swift */; };
		3B6958F92A2C647800EC3CE0 /* UserDefaults+.swift in Sources */ = {isa = PBXBuildFile; fileRef = 3B6958F82A2C647800EC3CE0 /* UserDefaults+.swift */; };
		3B6959022A2C9EA400EC3CE0 /* ArticleTableViewCell.xib in Resources */ = {isa = PBXBuildFile; fileRef = 3B6959012A2C9EA400EC3CE0 /* ArticleTableViewCell.xib */; };
		3B6959042A2C9F4400EC3CE0 /* ArticleTableViewCell.swift in Sources */ = {isa = PBXBuildFile; fileRef = 3B6959032A2C9F4400EC3CE0 /* ArticleTableViewCell.swift */; };
		3B783C832A36168300E20F8E /* WebViewError.swift in Sources */ = {isa = PBXBuildFile; fileRef = 3B783C822A36168300E20F8E /* WebViewError.swift */; };
		3B783C852A372E3700E20F8E /* NetworkMonitor.swift in Sources */ = {isa = PBXBuildFile; fileRef = 3B783C842A372E3700E20F8E /* NetworkMonitor.swift */; };
		3B783C892A38BF7C00E20F8E /* AppIntroduction.storyboard in Resources */ = {isa = PBXBuildFile; fileRef = 3B783C882A38BF7C00E20F8E /* AppIntroduction.storyboard */; };
		3B783C8B2A38BF9400E20F8E /* AppIntroductionViewController.swift in Sources */ = {isa = PBXBuildFile; fileRef = 3B783C8A2A38BF9400E20F8E /* AppIntroductionViewController.swift */; };
		3B7CE6472A3C85AC005E6F30 /* InfoViewCell.xib in Resources */ = {isa = PBXBuildFile; fileRef = 3B7CE6462A3C85AC005E6F30 /* InfoViewCell.xib */; };
		3B7CE6492A3C85C7005E6F30 /* InfoViewCell.swift in Sources */ = {isa = PBXBuildFile; fileRef = 3B7CE6482A3C85C7005E6F30 /* InfoViewCell.swift */; };
		3B7CE64B2A3C862F005E6F30 /* InfoItemModel.swift in Sources */ = {isa = PBXBuildFile; fileRef = 3B7CE64A2A3C862F005E6F30 /* InfoItemModel.swift */; };
		3B7CE64D2A3C8966005E6F30 /* InfoViewController.swift in Sources */ = {isa = PBXBuildFile; fileRef = 3B7CE64C2A3C8966005E6F30 /* InfoViewController.swift */; };
		3B7CE64F2A3C8976005E6F30 /* Info.storyboard in Resources */ = {isa = PBXBuildFile; fileRef = 3B7CE64E2A3C8976005E6F30 /* Info.storyboard */; };
		3B7CE6522A3D5C88005E6F30 /* PrivacyPolicy.storyboard in Resources */ = {isa = PBXBuildFile; fileRef = 3B7CE6512A3D5C88005E6F30 /* PrivacyPolicy.storyboard */; };
		3B7CE6552A3D5CC5005E6F30 /* PrivacyPolicyViewController.swift in Sources */ = {isa = PBXBuildFile; fileRef = 3B7CE6542A3D5CC5005E6F30 /* PrivacyPolicyViewController.swift */; };
/* End PBXBuildFile section */

/* Begin PBXFileReference section */
		3B26E12B2A3362C400A18EEE /* WikiClientError.swift */ = {isa = PBXFileReference; lastKnownFileType = sourcecode.swift; path = WikiClientError.swift; sourceTree = "<group>"; };
		3B26E12D2A33746E00A18EEE /* WikiAPIError.swift */ = {isa = PBXFileReference; lastKnownFileType = sourcecode.swift; path = WikiAPIError.swift; sourceTree = "<group>"; };
		3B26E1312A3453C700A18EEE /* WikiRequest.swift */ = {isa = PBXFileReference; lastKnownFileType = sourcecode.swift; path = WikiRequest.swift; sourceTree = "<group>"; };
		3B26E1332A34564D00A18EEE /* HTTPMethod.swift */ = {isa = PBXFileReference; lastKnownFileType = sourcecode.swift; path = HTTPMethod.swift; sourceTree = "<group>"; };
		3B26E1352A34D45600A18EEE /* HTTPClient.swift */ = {isa = PBXFileReference; lastKnownFileType = sourcecode.swift; path = HTTPClient.swift; sourceTree = "<group>"; };
		3B26E1372A355B5000A18EEE /* WikiClient.swift */ = {isa = PBXFileReference; lastKnownFileType = sourcecode.swift; path = WikiClient.swift; sourceTree = "<group>"; };
		3B6958CA2A2AE56000EC3CE0 /* WikiSurprise.app */ = {isa = PBXFileReference; explicitFileType = wrapper.application; includeInIndex = 0; path = WikiSurprise.app; sourceTree = BUILT_PRODUCTS_DIR; };
		3B6958CD2A2AE56000EC3CE0 /* AppDelegate.swift */ = {isa = PBXFileReference; lastKnownFileType = sourcecode.swift; path = AppDelegate.swift; sourceTree = "<group>"; };
		3B6958CF2A2AE56000EC3CE0 /* SceneDelegate.swift */ = {isa = PBXFileReference; lastKnownFileType = sourcecode.swift; path = SceneDelegate.swift; sourceTree = "<group>"; };
		3B6958D62A2AE56100EC3CE0 /* Assets.xcassets */ = {isa = PBXFileReference; lastKnownFileType = folder.assetcatalog; path = Assets.xcassets; sourceTree = "<group>"; };
		3B6958D92A2AE56100EC3CE0 /* Base */ = {isa = PBXFileReference; lastKnownFileType = file.storyboard; name = Base; path = Base.lproj/LaunchScreen.storyboard; sourceTree = "<group>"; };
		3B6958DB2A2AE56100EC3CE0 /* Info.plist */ = {isa = PBXFileReference; lastKnownFileType = text.plist.xml; path = Info.plist; sourceTree = "<group>"; };
		3B6958E52A2C619F00EC3CE0 /* WikiAPI.swift */ = {isa = PBXFileReference; lastKnownFileType = sourcecode.swift; path = WikiAPI.swift; sourceTree = "<group>"; };
		3B6958E72A2C61AD00EC3CE0 /* Router.swift */ = {isa = PBXFileReference; lastKnownFileType = sourcecode.swift; path = Router.swift; sourceTree = "<group>"; };
		3B6958E92A2C61D300EC3CE0 /* WikiModel.swift */ = {isa = PBXFileReference; lastKnownFileType = sourcecode.swift; path = WikiModel.swift; sourceTree = "<group>"; };
		3B6958F02A2C635B00EC3CE0 /* Article.storyboard */ = {isa = PBXFileReference; lastKnownFileType = file.storyboard; path = Article.storyboard; sourceTree = "<group>"; };
		3B6958F22A2C637C00EC3CE0 /* ArticleViewController.swift */ = {isa = PBXFileReference; lastKnownFileType = sourcecode.swift; path = ArticleViewController.swift; sourceTree = "<group>"; };
		3B6958F42A2C639300EC3CE0 /* Web.storyboard */ = {isa = PBXFileReference; lastKnownFileType = file.storyboard; path = Web.storyboard; sourceTree = "<group>"; };
		3B6958F62A2C63AF00EC3CE0 /* WebViewController.swift */ = {isa = PBXFileReference; lastKnownFileType = sourcecode.swift; path = WebViewController.swift; sourceTree = "<group>"; };
		3B6958F82A2C647800EC3CE0 /* UserDefaults+.swift */ = {isa = PBXFileReference; lastKnownFileType = sourcecode.swift; path = "UserDefaults+.swift"; sourceTree = "<group>"; };
		3B6959012A2C9EA400EC3CE0 /* ArticleTableViewCell.xib */ = {isa = PBXFileReference; lastKnownFileType = file.xib; path = ArticleTableViewCell.xib; sourceTree = "<group>"; };
		3B6959032A2C9F4400EC3CE0 /* ArticleTableViewCell.swift */ = {isa = PBXFileReference; lastKnownFileType = sourcecode.swift; path = ArticleTableViewCell.swift; sourceTree = "<group>"; };
		3B783C822A36168300E20F8E /* WebViewError.swift */ = {isa = PBXFileReference; lastKnownFileType = sourcecode.swift; path = WebViewError.swift; sourceTree = "<group>"; };
		3B783C842A372E3700E20F8E /* NetworkMonitor.swift */ = {isa = PBXFileReference; lastKnownFileType = sourcecode.swift; path = NetworkMonitor.swift; sourceTree = "<group>"; };
		3B783C882A38BF7C00E20F8E /* AppIntroduction.storyboard */ = {isa = PBXFileReference; lastKnownFileType = file.storyboard; path = AppIntroduction.storyboard; sourceTree = "<group>"; };
		3B783C8A2A38BF9400E20F8E /* AppIntroductionViewController.swift */ = {isa = PBXFileReference; lastKnownFileType = sourcecode.swift; path = AppIntroductionViewController.swift; sourceTree = "<group>"; };
		3B7CE6462A3C85AC005E6F30 /* InfoViewCell.xib */ = {isa = PBXFileReference; lastKnownFileType = file.xib; path = InfoViewCell.xib; sourceTree = "<group>"; };
		3B7CE6482A3C85C7005E6F30 /* InfoViewCell.swift */ = {isa = PBXFileReference; lastKnownFileType = sourcecode.swift; path = InfoViewCell.swift; sourceTree = "<group>"; };
		3B7CE64A2A3C862F005E6F30 /* InfoItemModel.swift */ = {isa = PBXFileReference; lastKnownFileType = sourcecode.swift; path = InfoItemModel.swift; sourceTree = "<group>"; };
		3B7CE64C2A3C8966005E6F30 /* InfoViewController.swift */ = {isa = PBXFileReference; lastKnownFileType = sourcecode.swift; path = InfoViewController.swift; sourceTree = "<group>"; };
		3B7CE64E2A3C8976005E6F30 /* Info.storyboard */ = {isa = PBXFileReference; lastKnownFileType = file.storyboard; path = Info.storyboard; sourceTree = "<group>"; };
		3B7CE6512A3D5C88005E6F30 /* PrivacyPolicy.storyboard */ = {isa = PBXFileReference; lastKnownFileType = file.storyboard; path = PrivacyPolicy.storyboard; sourceTree = "<group>"; };
		3B7CE6542A3D5CC5005E6F30 /* PrivacyPolicyViewController.swift */ = {isa = PBXFileReference; lastKnownFileType = sourcecode.swift; path = PrivacyPolicyViewController.swift; sourceTree = "<group>"; };
/* End PBXFileReference section */

/* Begin PBXFrameworksBuildPhase section */
		3B6958C72A2AE56000EC3CE0 /* Frameworks */ = {
			isa = PBXFrameworksBuildPhase;
			buildActionMask = 2147483647;
			files = (
			);
			runOnlyForDeploymentPostprocessing = 0;
		};
/* End PBXFrameworksBuildPhase section */

/* Begin PBXGroup section */
		3B26E12A2A33628400A18EEE /* API */ = {
			isa = PBXGroup;
			children = (
				3B26E1302A34537900A18EEE /* Request */,
				3B26E12F2A34535E00A18EEE /* Error */,
			);
			path = API;
			sourceTree = "<group>";
		};
		3B26E12F2A34535E00A18EEE /* Error */ = {
			isa = PBXGroup;
			children = (
				3B26E12B2A3362C400A18EEE /* WikiClientError.swift */,
				3B26E12D2A33746E00A18EEE /* WikiAPIError.swift */,
			);
			path = Error;
			sourceTree = "<group>";
		};
		3B26E1302A34537900A18EEE /* Request */ = {
			isa = PBXGroup;
			children = (
				3B26E1312A3453C700A18EEE /* WikiRequest.swift */,
				3B26E1332A34564D00A18EEE /* HTTPMethod.swift */,
				3B6958E52A2C619F00EC3CE0 /* WikiAPI.swift */,
				3B26E1372A355B5000A18EEE /* WikiClient.swift */,
				3B26E1352A34D45600A18EEE /* HTTPClient.swift */,
			);
			path = Request;
			sourceTree = "<group>";
		};
		3B6958C12A2AE56000EC3CE0 = {
			isa = PBXGroup;
			children = (
				3B6958CC2A2AE56000EC3CE0 /* WikiSurprise */,
				3B6958CB2A2AE56000EC3CE0 /* Products */,
			);
			sourceTree = "<group>";
		};
		3B6958CB2A2AE56000EC3CE0 /* Products */ = {
			isa = PBXGroup;
			children = (
				3B6958CA2A2AE56000EC3CE0 /* WikiSurprise.app */,
			);
			name = Products;
			sourceTree = "<group>";
		};
		3B6958CC2A2AE56000EC3CE0 /* WikiSurprise */ = {
			isa = PBXGroup;
			children = (
				3B6958CD2A2AE56000EC3CE0 /* AppDelegate.swift */,
				3B6958CF2A2AE56000EC3CE0 /* SceneDelegate.swift */,
				3B6958D62A2AE56100EC3CE0 /* Assets.xcassets */,
				3B783C862A38BF2200E20F8E /* AppIntroduction */,
				3B7CE6432A3C8532005E6F30 /* Info */,
				3B6958EB2A2C61E300EC3CE0 /* Article */,
				3B6958EC2A2C621B00EC3CE0 /* Web */,
				3B7CE6502A3D5C62005E6F30 /* PrivacyPolicy */,
				3B6958E22A2AE5A100EC3CE0 /* Model */,
				3B6958E42A2C617600EC3CE0 /* Utility */,
				3B6958D82A2AE56100EC3CE0 /* LaunchScreen.storyboard */,
				3B6958DB2A2AE56100EC3CE0 /* Info.plist */,
			);
			path = WikiSurprise;
			sourceTree = "<group>";
		};
		3B6958E22A2AE5A100EC3CE0 /* Model */ = {
			isa = PBXGroup;
			children = (
				3B6958E92A2C61D300EC3CE0 /* WikiModel.swift */,
				3B7CE64A2A3C862F005E6F30 /* InfoItemModel.swift */,
			);
			path = Model;
			sourceTree = "<group>";
		};
		3B6958E32A2AE5AB00EC3CE0 /* Controller */ = {
			isa = PBXGroup;
			children = (
				3B6958F02A2C635B00EC3CE0 /* Article.storyboard */,
				3B6958F22A2C637C00EC3CE0 /* ArticleViewController.swift */,
			);
			path = Controller;
			sourceTree = "<group>";
		};
		3B6958E42A2C617600EC3CE0 /* Utility */ = {
			isa = PBXGroup;
			children = (
				3B26E12A2A33628400A18EEE /* API */,
				3B783C822A36168300E20F8E /* WebViewError.swift */,
				3B783C842A372E3700E20F8E /* NetworkMonitor.swift */,
				3B6958E72A2C61AD00EC3CE0 /* Router.swift */,
				3B6958F82A2C647800EC3CE0 /* UserDefaults+.swift */,
			);
			path = Utility;
			sourceTree = "<group>";
		};
		3B6958EB2A2C61E300EC3CE0 /* Article */ = {
			isa = PBXGroup;
			children = (
				3B6958ED2A2C62C100EC3CE0 /* View */,
				3B6958E32A2AE5AB00EC3CE0 /* Controller */,
			);
			path = Article;
			sourceTree = "<group>";
		};
		3B6958EC2A2C621B00EC3CE0 /* Web */ = {
			isa = PBXGroup;
			children = (
				3B6958EF2A2C62EE00EC3CE0 /* Controller */,
			);
			path = Web;
			sourceTree = "<group>";
		};
		3B6958ED2A2C62C100EC3CE0 /* View */ = {
			isa = PBXGroup;
			children = (
				3B6959012A2C9EA400EC3CE0 /* ArticleTableViewCell.xib */,
				3B6959032A2C9F4400EC3CE0 /* ArticleTableViewCell.swift */,
			);
			path = View;
			sourceTree = "<group>";
		};
		3B6958EF2A2C62EE00EC3CE0 /* Controller */ = {
			isa = PBXGroup;
			children = (
				3B6958F42A2C639300EC3CE0 /* Web.storyboard */,
				3B6958F62A2C63AF00EC3CE0 /* WebViewController.swift */,
			);
			path = Controller;
			sourceTree = "<group>";
		};
		3B783C862A38BF2200E20F8E /* AppIntroduction */ = {
			isa = PBXGroup;
			children = (
				3B783C872A38BF4400E20F8E /* Controller */,
			);
			path = AppIntroduction;
			sourceTree = "<group>";
		};
		3B783C872A38BF4400E20F8E /* Controller */ = {
			isa = PBXGroup;
			children = (
				3B783C882A38BF7C00E20F8E /* AppIntroduction.storyboard */,
				3B783C8A2A38BF9400E20F8E /* AppIntroductionViewController.swift */,
			);
			path = Controller;
			sourceTree = "<group>";
		};
		3B7CE6432A3C8532005E6F30 /* Info */ = {
			isa = PBXGroup;
			children = (
				3B7CE6442A3C8540005E6F30 /* View */,
				3B7CE6452A3C854A005E6F30 /* Controller */,
			);
			path = Info;
			sourceTree = "<group>";
		};
		3B7CE6442A3C8540005E6F30 /* View */ = {
			isa = PBXGroup;
			children = (
				3B7CE6462A3C85AC005E6F30 /* InfoViewCell.xib */,
				3B7CE6482A3C85C7005E6F30 /* InfoViewCell.swift */,
			);
			path = View;
			sourceTree = "<group>";
		};
		3B7CE6452A3C854A005E6F30 /* Controller */ = {
			isa = PBXGroup;
			children = (
				3B7CE64E2A3C8976005E6F30 /* Info.storyboard */,
				3B7CE64C2A3C8966005E6F30 /* InfoViewController.swift */,
			);
			path = Controller;
			sourceTree = "<group>";
		};
		3B7CE6502A3D5C62005E6F30 /* PrivacyPolicy */ = {
			isa = PBXGroup;
			children = (
				3B7CE6532A3D5C91005E6F30 /* Controller */,
			);
			path = PrivacyPolicy;
			sourceTree = "<group>";
		};
		3B7CE6532A3D5C91005E6F30 /* Controller */ = {
			isa = PBXGroup;
			children = (
				3B7CE6512A3D5C88005E6F30 /* PrivacyPolicy.storyboard */,
				3B7CE6542A3D5CC5005E6F30 /* PrivacyPolicyViewController.swift */,
			);
			path = Controller;
			sourceTree = "<group>";
		};
/* End PBXGroup section */

/* Begin PBXNativeTarget section */
		3B6958C92A2AE56000EC3CE0 /* WikiSurprise */ = {
			isa = PBXNativeTarget;
			buildConfigurationList = 3B6958DE2A2AE56100EC3CE0 /* Build configuration list for PBXNativeTarget "WikiSurprise" */;
			buildPhases = (
				3B6958C62A2AE56000EC3CE0 /* Sources */,
				3B6958C72A2AE56000EC3CE0 /* Frameworks */,
				3B6958C82A2AE56000EC3CE0 /* Resources */,
			);
			buildRules = (
			);
			dependencies = (
			);
			name = WikiSurprise;
			productName = WikiSurprise;
			productReference = 3B6958CA2A2AE56000EC3CE0 /* WikiSurprise.app */;
			productType = "com.apple.product-type.application";
		};
/* End PBXNativeTarget section */

/* Begin PBXProject section */
		3B6958C22A2AE56000EC3CE0 /* Project object */ = {
			isa = PBXProject;
			attributes = {
				BuildIndependentTargetsInParallel = 1;
				LastSwiftUpdateCheck = 1420;
				LastUpgradeCheck = 1420;
				TargetAttributes = {
					3B6958C92A2AE56000EC3CE0 = {
						CreatedOnToolsVersion = 14.2;
					};
				};
			};
			buildConfigurationList = 3B6958C52A2AE56000EC3CE0 /* Build configuration list for PBXProject "WikiSurprise" */;
			compatibilityVersion = "Xcode 14.0";
			developmentRegion = en;
			hasScannedForEncodings = 0;
			knownRegions = (
				en,
				Base,
			);
			mainGroup = 3B6958C12A2AE56000EC3CE0;
			productRefGroup = 3B6958CB2A2AE56000EC3CE0 /* Products */;
			projectDirPath = "";
			projectRoot = "";
			targets = (
				3B6958C92A2AE56000EC3CE0 /* WikiSurprise */,
			);
		};
/* End PBXProject section */

/* Begin PBXResourcesBuildPhase section */
		3B6958C82A2AE56000EC3CE0 /* Resources */ = {
			isa = PBXResourcesBuildPhase;
			buildActionMask = 2147483647;
			files = (
				3B6958DA2A2AE56100EC3CE0 /* LaunchScreen.storyboard in Resources */,
				3B7CE6472A3C85AC005E6F30 /* InfoViewCell.xib in Resources */,
				3B6958F12A2C635B00EC3CE0 /* Article.storyboard in Resources */,
				3B6958F52A2C639300EC3CE0 /* Web.storyboard in Resources */,
				3B6958D72A2AE56100EC3CE0 /* Assets.xcassets in Resources */,
				3B783C892A38BF7C00E20F8E /* AppIntroduction.storyboard in Resources */,
				3B6959022A2C9EA400EC3CE0 /* ArticleTableViewCell.xib in Resources */,
				3B7CE64F2A3C8976005E6F30 /* Info.storyboard in Resources */,
				3B7CE6522A3D5C88005E6F30 /* PrivacyPolicy.storyboard in Resources */,
			);
			runOnlyForDeploymentPostprocessing = 0;
		};
/* End PBXResourcesBuildPhase section */

/* Begin PBXSourcesBuildPhase section */
		3B6958C62A2AE56000EC3CE0 /* Sources */ = {
			isa = PBXSourcesBuildPhase;
			buildActionMask = 2147483647;
			files = (
				3B6958F92A2C647800EC3CE0 /* UserDefaults+.swift in Sources */,
				3B26E12E2A33746E00A18EEE /* WikiAPIError.swift in Sources */,
				3B6958EA2A2C61D300EC3CE0 /* WikiModel.swift in Sources */,
				3B7CE6552A3D5CC5005E6F30 /* PrivacyPolicyViewController.swift in Sources */,
				3B7CE6492A3C85C7005E6F30 /* InfoViewCell.swift in Sources */,
				3B26E1382A355B5000A18EEE /* WikiClient.swift in Sources */,
				3B783C832A36168300E20F8E /* WebViewError.swift in Sources */,
				3B6958F32A2C637C00EC3CE0 /* ArticleViewController.swift in Sources */,
				3B6959042A2C9F4400EC3CE0 /* ArticleTableViewCell.swift in Sources */,
				3B6958CE2A2AE56000EC3CE0 /* AppDelegate.swift in Sources */,
				3B26E1342A34564D00A18EEE /* HTTPMethod.swift in Sources */,
				3B6958E82A2C61AD00EC3CE0 /* Router.swift in Sources */,
				3B26E1362A34D45600A18EEE /* HTTPClient.swift in Sources */,
				3B6958E62A2C619F00EC3CE0 /* WikiAPI.swift in Sources */,
				3B26E12C2A3362C400A18EEE /* WikiClientError.swift in Sources */,
				3B6958D02A2AE56000EC3CE0 /* SceneDelegate.swift in Sources */,
				3B783C8B2A38BF9400E20F8E /* AppIntroductionViewController.swift in Sources */,
				3B783C852A372E3700E20F8E /* NetworkMonitor.swift in Sources */,
				3B6958F72A2C63AF00EC3CE0 /* WebViewController.swift in Sources */,
				3B7CE64B2A3C862F005E6F30 /* InfoItemModel.swift in Sources */,
				3B26E1322A3453C700A18EEE /* WikiRequest.swift in Sources */,
				3B7CE64D2A3C8966005E6F30 /* InfoViewController.swift in Sources */,
			);
			runOnlyForDeploymentPostprocessing = 0;
		};
/* End PBXSourcesBuildPhase section */

/* Begin PBXVariantGroup section */
		3B6958D82A2AE56100EC3CE0 /* LaunchScreen.storyboard */ = {
			isa = PBXVariantGroup;
			children = (
				3B6958D92A2AE56100EC3CE0 /* Base */,
			);
			name = LaunchScreen.storyboard;
			sourceTree = "<group>";
		};
/* End PBXVariantGroup section */

/* Begin XCBuildConfiguration section */
		3B6958DC2A2AE56100EC3CE0 /* Debug */ = {
			isa = XCBuildConfiguration;
			buildSettings = {
				ALWAYS_SEARCH_USER_PATHS = NO;
				CLANG_ANALYZER_NONNULL = YES;
				CLANG_ANALYZER_NUMBER_OBJECT_CONVERSION = YES_AGGRESSIVE;
				CLANG_CXX_LANGUAGE_STANDARD = "gnu++20";
				CLANG_ENABLE_MODULES = YES;
				CLANG_ENABLE_OBJC_ARC = YES;
				CLANG_ENABLE_OBJC_WEAK = YES;
				CLANG_WARN_BLOCK_CAPTURE_AUTORELEASING = YES;
				CLANG_WARN_BOOL_CONVERSION = YES;
				CLANG_WARN_COMMA = YES;
				CLANG_WARN_CONSTANT_CONVERSION = YES;
				CLANG_WARN_DEPRECATED_OBJC_IMPLEMENTATIONS = YES;
				CLANG_WARN_DIRECT_OBJC_ISA_USAGE = YES_ERROR;
				CLANG_WARN_DOCUMENTATION_COMMENTS = YES;
				CLANG_WARN_EMPTY_BODY = YES;
				CLANG_WARN_ENUM_CONVERSION = YES;
				CLANG_WARN_INFINITE_RECURSION = YES;
				CLANG_WARN_INT_CONVERSION = YES;
				CLANG_WARN_NON_LITERAL_NULL_CONVERSION = YES;
				CLANG_WARN_OBJC_IMPLICIT_RETAIN_SELF = YES;
				CLANG_WARN_OBJC_LITERAL_CONVERSION = YES;
				CLANG_WARN_OBJC_ROOT_CLASS = YES_ERROR;
				CLANG_WARN_QUOTED_INCLUDE_IN_FRAMEWORK_HEADER = YES;
				CLANG_WARN_RANGE_LOOP_ANALYSIS = YES;
				CLANG_WARN_STRICT_PROTOTYPES = YES;
				CLANG_WARN_SUSPICIOUS_MOVE = YES;
				CLANG_WARN_UNGUARDED_AVAILABILITY = YES_AGGRESSIVE;
				CLANG_WARN_UNREACHABLE_CODE = YES;
				CLANG_WARN__DUPLICATE_METHOD_MATCH = YES;
				COPY_PHASE_STRIP = NO;
				DEBUG_INFORMATION_FORMAT = dwarf;
				ENABLE_STRICT_OBJC_MSGSEND = YES;
				ENABLE_TESTABILITY = YES;
				GCC_C_LANGUAGE_STANDARD = gnu11;
				GCC_DYNAMIC_NO_PIC = NO;
				GCC_NO_COMMON_BLOCKS = YES;
				GCC_OPTIMIZATION_LEVEL = 0;
				GCC_PREPROCESSOR_DEFINITIONS = (
					"DEBUG=1",
					"$(inherited)",
				);
				GCC_WARN_64_TO_32_BIT_CONVERSION = YES;
				GCC_WARN_ABOUT_RETURN_TYPE = YES_ERROR;
				GCC_WARN_UNDECLARED_SELECTOR = YES;
				GCC_WARN_UNINITIALIZED_AUTOS = YES_AGGRESSIVE;
				GCC_WARN_UNUSED_FUNCTION = YES;
				GCC_WARN_UNUSED_VARIABLE = YES;
				IPHONEOS_DEPLOYMENT_TARGET = 15.0;
				MTL_ENABLE_DEBUG_INFO = INCLUDE_SOURCE;
				MTL_FAST_MATH = YES;
				ONLY_ACTIVE_ARCH = YES;
				SDKROOT = iphoneos;
				SWIFT_ACTIVE_COMPILATION_CONDITIONS = DEBUG;
				SWIFT_OPTIMIZATION_LEVEL = "-Onone";
			};
			name = Debug;
		};
		3B6958DD2A2AE56100EC3CE0 /* Release */ = {
			isa = XCBuildConfiguration;
			buildSettings = {
				ALWAYS_SEARCH_USER_PATHS = NO;
				CLANG_ANALYZER_NONNULL = YES;
				CLANG_ANALYZER_NUMBER_OBJECT_CONVERSION = YES_AGGRESSIVE;
				CLANG_CXX_LANGUAGE_STANDARD = "gnu++20";
				CLANG_ENABLE_MODULES = YES;
				CLANG_ENABLE_OBJC_ARC = YES;
				CLANG_ENABLE_OBJC_WEAK = YES;
				CLANG_WARN_BLOCK_CAPTURE_AUTORELEASING = YES;
				CLANG_WARN_BOOL_CONVERSION = YES;
				CLANG_WARN_COMMA = YES;
				CLANG_WARN_CONSTANT_CONVERSION = YES;
				CLANG_WARN_DEPRECATED_OBJC_IMPLEMENTATIONS = YES;
				CLANG_WARN_DIRECT_OBJC_ISA_USAGE = YES_ERROR;
				CLANG_WARN_DOCUMENTATION_COMMENTS = YES;
				CLANG_WARN_EMPTY_BODY = YES;
				CLANG_WARN_ENUM_CONVERSION = YES;
				CLANG_WARN_INFINITE_RECURSION = YES;
				CLANG_WARN_INT_CONVERSION = YES;
				CLANG_WARN_NON_LITERAL_NULL_CONVERSION = YES;
				CLANG_WARN_OBJC_IMPLICIT_RETAIN_SELF = YES;
				CLANG_WARN_OBJC_LITERAL_CONVERSION = YES;
				CLANG_WARN_OBJC_ROOT_CLASS = YES_ERROR;
				CLANG_WARN_QUOTED_INCLUDE_IN_FRAMEWORK_HEADER = YES;
				CLANG_WARN_RANGE_LOOP_ANALYSIS = YES;
				CLANG_WARN_STRICT_PROTOTYPES = YES;
				CLANG_WARN_SUSPICIOUS_MOVE = YES;
				CLANG_WARN_UNGUARDED_AVAILABILITY = YES_AGGRESSIVE;
				CLANG_WARN_UNREACHABLE_CODE = YES;
				CLANG_WARN__DUPLICATE_METHOD_MATCH = YES;
				COPY_PHASE_STRIP = NO;
				DEBUG_INFORMATION_FORMAT = "dwarf-with-dsym";
				ENABLE_NS_ASSERTIONS = NO;
				ENABLE_STRICT_OBJC_MSGSEND = YES;
				GCC_C_LANGUAGE_STANDARD = gnu11;
				GCC_NO_COMMON_BLOCKS = YES;
				GCC_WARN_64_TO_32_BIT_CONVERSION = YES;
				GCC_WARN_ABOUT_RETURN_TYPE = YES_ERROR;
				GCC_WARN_UNDECLARED_SELECTOR = YES;
				GCC_WARN_UNINITIALIZED_AUTOS = YES_AGGRESSIVE;
				GCC_WARN_UNUSED_FUNCTION = YES;
				GCC_WARN_UNUSED_VARIABLE = YES;
				IPHONEOS_DEPLOYMENT_TARGET = 15.0;
				MTL_ENABLE_DEBUG_INFO = NO;
				MTL_FAST_MATH = YES;
				SDKROOT = iphoneos;
				SWIFT_COMPILATION_MODE = wholemodule;
				SWIFT_OPTIMIZATION_LEVEL = "-O";
				VALIDATE_PRODUCT = YES;
			};
			name = Release;
		};
		3B6958DF2A2AE56100EC3CE0 /* Debug */ = {
			isa = XCBuildConfiguration;
			buildSettings = {
				ASSETCATALOG_COMPILER_APPICON_NAME = AppIcon;
				ASSETCATALOG_COMPILER_GLOBAL_ACCENT_COLOR_NAME = AccentColor;
				CODE_SIGN_STYLE = Automatic;
				CURRENT_PROJECT_VERSION = 1;
				DEVELOPMENT_TEAM = DW275526Z6;
				GENERATE_INFOPLIST_FILE = YES;
				INFOPLIST_FILE = WikiSurprise/Info.plist;
				INFOPLIST_KEY_UIApplicationSupportsIndirectInputEvents = YES;
				INFOPLIST_KEY_UILaunchStoryboardName = LaunchScreen;
				INFOPLIST_KEY_UISupportedInterfaceOrientations_iPad = "UIInterfaceOrientationPortrait UIInterfaceOrientationPortraitUpsideDown UIInterfaceOrientationLandscapeLeft UIInterfaceOrientationLandscapeRight";
				INFOPLIST_KEY_UISupportedInterfaceOrientations_iPhone = "UIInterfaceOrientationPortrait UIInterfaceOrientationLandscapeLeft UIInterfaceOrientationLandscapeRight";
				LD_RUNPATH_SEARCH_PATHS = (
					"$(inherited)",
					"@executable_path/Frameworks",
				);
				MARKETING_VERSION = 1.0;
				PRODUCT_BUNDLE_IDENTIFIER = com.imael.WikiSurprise;
				PRODUCT_NAME = "$(TARGET_NAME)";
				SWIFT_EMIT_LOC_STRINGS = YES;
				SWIFT_VERSION = 5.0;
				TARGETED_DEVICE_FAMILY = "1,2";
			};
			name = Debug;
		};
		3B6958E02A2AE56100EC3CE0 /* Release */ = {
			isa = XCBuildConfiguration;
			buildSettings = {
				ASSETCATALOG_COMPILER_APPICON_NAME = AppIcon;
				ASSETCATALOG_COMPILER_GLOBAL_ACCENT_COLOR_NAME = AccentColor;
				CODE_SIGN_STYLE = Automatic;
				CURRENT_PROJECT_VERSION = 1;
				DEVELOPMENT_TEAM = DW275526Z6;
				GENERATE_INFOPLIST_FILE = YES;
				INFOPLIST_FILE = WikiSurprise/Info.plist;
				INFOPLIST_KEY_UIApplicationSupportsIndirectInputEvents = YES;
				INFOPLIST_KEY_UILaunchStoryboardName = LaunchScreen;
				INFOPLIST_KEY_UISupportedInterfaceOrientations_iPad = "UIInterfaceOrientationPortrait UIInterfaceOrientationPortraitUpsideDown UIInterfaceOrientationLandscapeLeft UIInterfaceOrientationLandscapeRight";
				INFOPLIST_KEY_UISupportedInterfaceOrientations_iPhone = "UIInterfaceOrientationPortrait UIInterfaceOrientationLandscapeLeft UIInterfaceOrientationLandscapeRight";
				LD_RUNPATH_SEARCH_PATHS = (
					"$(inherited)",
					"@executable_path/Frameworks",
				);
				MARKETING_VERSION = 1.0;
				PRODUCT_BUNDLE_IDENTIFIER = com.imael.WikiSurprise;
				PRODUCT_NAME = "$(TARGET_NAME)";
				SWIFT_EMIT_LOC_STRINGS = YES;
				SWIFT_VERSION = 5.0;
				TARGETED_DEVICE_FAMILY = "1,2";
			};
			name = Release;
		};
/* End XCBuildConfiguration section */

/* Begin XCConfigurationList section */
		3B6958C52A2AE56000EC3CE0 /* Build configuration list for PBXProject "WikiSurprise" */ = {
			isa = XCConfigurationList;
			buildConfigurations = (
				3B6958DC2A2AE56100EC3CE0 /* Debug */,
				3B6958DD2A2AE56100EC3CE0 /* Release */,
			);
			defaultConfigurationIsVisible = 0;
			defaultConfigurationName = Release;
		};
		3B6958DE2A2AE56100EC3CE0 /* Build configuration list for PBXNativeTarget "WikiSurprise" */ = {
			isa = XCConfigurationList;
			buildConfigurations = (
				3B6958DF2A2AE56100EC3CE0 /* Debug */,
				3B6958E02A2AE56100EC3CE0 /* Release */,
			);
			defaultConfigurationIsVisible = 0;
			defaultConfigurationName = Release;
		};
/* End XCConfigurationList section */
	};
	rootObject = 3B6958C22A2AE56000EC3CE0 /* Project object */;
}
